
Microsoft Visual Studio Solution File, Format Version 12.00
# Visual Studio 15
VisualStudioVersion = 15.0.27703.2035
MinimumVisualStudioVersion = 10.0.40219.1
Project("{FAE04EC0-301F-11D3-BF4B-00C04F79EFBC}") = "Universyty_1", "Universyty_1\Universyty_1.csproj", "{DBE993FA-27ED-42D1-9B65-4796DB603CA7}"
EndProject
Global
	GlobalSection(SolutionConfigurationPlatforms) = preSolution
		Debug|Any CPU = Debug|Any CPU
		Release|Any CPU = Release|Any CPU
	EndGlobalSection
	GlobalSection(ProjectConfigurationPlatforms) = postSolution
		{DBE993FA-27ED-42D1-9B65-4796DB603CA7}.Debug|Any CPU.ActiveCfg = Debug|Any CPU
		{DBE993FA-27ED-42D1-9B65-4796DB603CA7}.Debug|Any CPU.Build.0 = Debug|Any CPU
		{DBE993FA-27ED-42D1-9B65-4796DB603CA7}.Release|Any CPU.ActiveCfg = Release|Any CPU
		{DBE993FA-27ED-42D1-9B65-4796DB603CA7}.Release|Any CPU.Build.0 = Release|Any CPU
	EndGlobalSection
	GlobalSection(SolutionProperties) = preSolution
		HideSolutionNode = FALSE
	EndGlobalSection
	GlobalSection(ExtensibilityGlobals) = postSolution
		SolutionGuid = {5E159FEB-F69A-424E-AD2B-2FFCE91A5CDD}
	EndGlobalSection
EndGlobal
