
Microsoft Visual Studio Solution File, Format Version 12.00
# Visual Studio 15
VisualStudioVersion = 15.0.27703.2035
MinimumVisualStudioVersion = 10.0.40219.1
Project("{FAE04EC0-301F-11D3-BF4B-00C04F79EFBC}") = "Task1", "Universyty_1\Task1.csproj", "{DBE993FA-27ED-42D1-9B65-4796DB603CA7}"
EndProject
Project("{FAE04EC0-301F-11D3-BF4B-00C04F79EFBC}") = "UnitTestForTask1", "UnitTestForTask1\UnitTestForTask1.csproj", "{F0A0144B-4CBE-4A45-A9B7-05F94D925E5F}"
EndProject
Project("{FAE04EC0-301F-11D3-BF4B-00C04F79EFBC}") = "ClassLibraryForTask1", "ClassLibraryForTask1\ClassLibraryForTask1.csproj", "{D7F8AA13-81B1-4A46-A1E1-D05A0B93A169}"
EndProject
Project("{2150E333-8FDC-42A3-9474-1A3956D46DE8}") = "Task__1", "Task__1", "{D4732B33-0817-4846-885D-400909DA8B6F}"
EndProject
Project("{2150E333-8FDC-42A3-9474-1A3956D46DE8}") = "Task__2", "Task__2", "{F1635FFE-E408-4331-B596-F7EB218E22AA}"
EndProject
Project("{2150E333-8FDC-42A3-9474-1A3956D46DE8}") = "Task__3", "Task__3", "{AB1278F7-2EFE-4D5D-939E-5A63BA258E85}"
EndProject
Project("{2150E333-8FDC-42A3-9474-1A3956D46DE8}") = "Task_4", "Task_4", "{6526CDDF-3147-4D17-9C97-D540314C5C18}"
EndProject
Project("{2150E333-8FDC-42A3-9474-1A3956D46DE8}") = "Task__5", "Task__5", "{A22B4D41-4D4A-4E47-BB9C-5EC94261AF8E}"
EndProject
Project("{2150E333-8FDC-42A3-9474-1A3956D46DE8}") = "Task__4", "Task__4", "{F251B907-020F-4DB9-A0C6-2C17486507F1}"
EndProject
Project("{FAE04EC0-301F-11D3-BF4B-00C04F79EFBC}") = "Task_2", "Task_2\Task_2.csproj", "{1BDADBEE-F90A-411E-B1A2-16F042AD4FE0}"
EndProject
Global
	GlobalSection(SolutionConfigurationPlatforms) = preSolution
		Debug|Any CPU = Debug|Any CPU
		Release|Any CPU = Release|Any CPU
	EndGlobalSection
	GlobalSection(ProjectConfigurationPlatforms) = postSolution
		{DBE993FA-27ED-42D1-9B65-4796DB603CA7}.Debug|Any CPU.ActiveCfg = Debug|Any CPU
		{DBE993FA-27ED-42D1-9B65-4796DB603CA7}.Debug|Any CPU.Build.0 = Debug|Any CPU
		{DBE993FA-27ED-42D1-9B65-4796DB603CA7}.Release|Any CPU.ActiveCfg = Release|Any CPU
		{DBE993FA-27ED-42D1-9B65-4796DB603CA7}.Release|Any CPU.Build.0 = Release|Any CPU
		{F0A0144B-4CBE-4A45-A9B7-05F94D925E5F}.Debug|Any CPU.ActiveCfg = Debug|Any CPU
		{F0A0144B-4CBE-4A45-A9B7-05F94D925E5F}.Debug|Any CPU.Build.0 = Debug|Any CPU
		{F0A0144B-4CBE-4A45-A9B7-05F94D925E5F}.Release|Any CPU.ActiveCfg = Release|Any CPU
		{F0A0144B-4CBE-4A45-A9B7-05F94D925E5F}.Release|Any CPU.Build.0 = Release|Any CPU
		{D7F8AA13-81B1-4A46-A1E1-D05A0B93A169}.Debug|Any CPU.ActiveCfg = Debug|Any CPU
		{D7F8AA13-81B1-4A46-A1E1-D05A0B93A169}.Debug|Any CPU.Build.0 = Debug|Any CPU
		{D7F8AA13-81B1-4A46-A1E1-D05A0B93A169}.Release|Any CPU.ActiveCfg = Release|Any CPU
		{D7F8AA13-81B1-4A46-A1E1-D05A0B93A169}.Release|Any CPU.Build.0 = Release|Any CPU
		{1BDADBEE-F90A-411E-B1A2-16F042AD4FE0}.Debug|Any CPU.ActiveCfg = Debug|Any CPU
		{1BDADBEE-F90A-411E-B1A2-16F042AD4FE0}.Debug|Any CPU.Build.0 = Debug|Any CPU
		{1BDADBEE-F90A-411E-B1A2-16F042AD4FE0}.Release|Any CPU.ActiveCfg = Release|Any CPU
		{1BDADBEE-F90A-411E-B1A2-16F042AD4FE0}.Release|Any CPU.Build.0 = Release|Any CPU
	EndGlobalSection
	GlobalSection(SolutionProperties) = preSolution
		HideSolutionNode = FALSE
	EndGlobalSection
	GlobalSection(NestedProjects) = preSolution
		{DBE993FA-27ED-42D1-9B65-4796DB603CA7} = {D4732B33-0817-4846-885D-400909DA8B6F}
		{F0A0144B-4CBE-4A45-A9B7-05F94D925E5F} = {D4732B33-0817-4846-885D-400909DA8B6F}
		{D7F8AA13-81B1-4A46-A1E1-D05A0B93A169} = {D4732B33-0817-4846-885D-400909DA8B6F}
		{1BDADBEE-F90A-411E-B1A2-16F042AD4FE0} = {F1635FFE-E408-4331-B596-F7EB218E22AA}
	EndGlobalSection
	GlobalSection(ExtensibilityGlobals) = postSolution
		SolutionGuid = {5E159FEB-F69A-424E-AD2B-2FFCE91A5CDD}
	EndGlobalSection
EndGlobal
