
Microsoft Visual Studio Solution File, Format Version 12.00
# Visual Studio 15
VisualStudioVersion = 15.0.28010.2019
MinimumVisualStudioVersion = 10.0.40219.1
Project("{FAE04EC0-301F-11D3-BF4B-00C04F79EFBC}") = "PlatformTask_3", "PlatformTask_3\PlatformTask_3.csproj", "{790BB6DE-B024-4788-BD2D-4216A74EE9FC}"
EndProject
Project("{FAE04EC0-301F-11D3-BF4B-00C04F79EFBC}") = "UnitTestProject1", "UnitTestProject1\UnitTestProject1.csproj", "{95C0C271-B53E-4EDB-A754-6C18C1F4BF98}"
EndProject
Project("{FAE04EC0-301F-11D3-BF4B-00C04F79EFBC}") = "Logic", "Logic\Logic.csproj", "{9DB5BB55-F889-49E9-84B7-6ADB20AF4560}"
EndProject
Global
	GlobalSection(SolutionConfigurationPlatforms) = preSolution
		Debug|Any CPU = Debug|Any CPU
		Release|Any CPU = Release|Any CPU
	EndGlobalSection
	GlobalSection(ProjectConfigurationPlatforms) = postSolution
		{790BB6DE-B024-4788-BD2D-4216A74EE9FC}.Debug|Any CPU.ActiveCfg = Debug|Any CPU
		{790BB6DE-B024-4788-BD2D-4216A74EE9FC}.Debug|Any CPU.Build.0 = Debug|Any CPU
		{790BB6DE-B024-4788-BD2D-4216A74EE9FC}.Release|Any CPU.ActiveCfg = Release|Any CPU
		{790BB6DE-B024-4788-BD2D-4216A74EE9FC}.Release|Any CPU.Build.0 = Release|Any CPU
		{95C0C271-B53E-4EDB-A754-6C18C1F4BF98}.Debug|Any CPU.ActiveCfg = Debug|Any CPU
		{95C0C271-B53E-4EDB-A754-6C18C1F4BF98}.Debug|Any CPU.Build.0 = Debug|Any CPU
		{95C0C271-B53E-4EDB-A754-6C18C1F4BF98}.Release|Any CPU.ActiveCfg = Release|Any CPU
		{95C0C271-B53E-4EDB-A754-6C18C1F4BF98}.Release|Any CPU.Build.0 = Release|Any CPU
		{9DB5BB55-F889-49E9-84B7-6ADB20AF4560}.Debug|Any CPU.ActiveCfg = Debug|Any CPU
		{9DB5BB55-F889-49E9-84B7-6ADB20AF4560}.Debug|Any CPU.Build.0 = Debug|Any CPU
		{9DB5BB55-F889-49E9-84B7-6ADB20AF4560}.Release|Any CPU.ActiveCfg = Release|Any CPU
		{9DB5BB55-F889-49E9-84B7-6ADB20AF4560}.Release|Any CPU.Build.0 = Release|Any CPU
	EndGlobalSection
	GlobalSection(SolutionProperties) = preSolution
		HideSolutionNode = FALSE
	EndGlobalSection
	GlobalSection(ExtensibilityGlobals) = postSolution
		SolutionGuid = {B0B5426D-732B-4FA6-864A-85A3993F7D07}
	EndGlobalSection
EndGlobal
